{
  "nodes": {
    "brew-src": {
      "flake": false,
      "locked": {
        "lastModified": 1758543057,
        "narHash": "sha256-lw3V2jOGYphUFHYQ5oARcb6urlbNpUCLJy1qhsGdUmc=",
        "owner": "Homebrew",
        "repo": "brew",
        "rev": "5b236456eb93133c2bd0d60ef35ed63f1c0712f6",
        "type": "github"
      },
      "original": {
        "owner": "Homebrew",
        "ref": "4.6.12",
        "repo": "brew",
        "type": "github"
      }
    },
    "catppuccin": {
      "inputs": {
        "nixpkgs": "nixpkgs"
      },
      "locked": {
        "lastModified": 1759572023,
        "narHash": "sha256-2fzYq/m2PXie5WZO5LhyiZrTIUdUFp1SCLZAwvPL5xo=",
        "owner": "catppuccin",
        "repo": "nix",
        "rev": "eeada12912d80d04733383d231a9d66172858718",
        "type": "github"
      },
      "original": {
        "owner": "catppuccin",
        "repo": "nix",
        "type": "github"
      }
    },
    "darwin": {
      "inputs": {
        "nixpkgs": [
          "nixpkgs-unstable"
        ]
      },
      "locked": {
        "lastModified": 1758805352,
        "narHash": "sha256-BHdc43Lkayd+72W/NXRKHzX5AZ+28F3xaUs3a88/Uew=",
        "owner": "lnl7",
        "repo": "nix-darwin",
        "rev": "c48e963a5558eb1c3827d59d21c5193622a1477c",
        "type": "github"
      },
      "original": {
        "owner": "lnl7",
        "repo": "nix-darwin",
        "type": "github"
      }
    },
    "drive-sync": {
      "inputs": {
        "flake-utils": "flake-utils",
        "nixpkgs": "nixpkgs_2"
      },
      "locked": {
        "lastModified": 1755306362,
        "narHash": "sha256-M4b/BFFe3ymSc9Tb7L9SrnbiZl7+pbVG5QxapBHyomg=",
        "owner": "Kevin-2483",
        "repo": "drive-sync",
        "rev": "ddb31ee85e5b4772952d237f834206d7135ba1d6",
        "type": "github"
      },
      "original": {
        "owner": "Kevin-2483",
        "repo": "drive-sync",
        "type": "github"
      }
    },
    "flake-utils": {
      "inputs": {
        "systems": "systems"
      },
      "locked": {
        "lastModified": 1731533236,
        "narHash": "sha256-l0KFg5HjrsfsO/JpG+r7fRrqm12kzFHyUHqHCVpMMbI=",
        "owner": "numtide",
        "repo": "flake-utils",
        "rev": "11707dc2f618dd54ca8739b309ec4fc024de578b",
        "type": "github"
      },
      "original": {
        "owner": "numtide",
        "repo": "flake-utils",
        "type": "github"
      }
    },
    "flake-utils_2": {
      "inputs": {
        "systems": "systems_2"
      },
      "locked": {
        "lastModified": 1731533236,
        "narHash": "sha256-l0KFg5HjrsfsO/JpG+r7fRrqm12kzFHyUHqHCVpMMbI=",
        "owner": "numtide",
        "repo": "flake-utils",
        "rev": "11707dc2f618dd54ca8739b309ec4fc024de578b",
        "type": "github"
      },
      "original": {
        "owner": "numtide",
        "repo": "flake-utils",
        "type": "github"
      }
    },
    "home-manager": {
      "inputs": {
        "nixpkgs": [
          "nixpkgs-unstable"
        ]
      },
      "locked": {
        "lastModified": 1759853171,
        "narHash": "sha256-uqbhyXtqMbYIiMqVqUhNdSuh9AEEkiasoK3mIPIVRhk=",
        "owner": "nix-community",
        "repo": "home-manager",
        "rev": "1a09eb84fa9e33748432a5253102d01251f72d6d",
        "type": "github"
      },
      "original": {
        "owner": "nix-community",
        "ref": "master",
        "repo": "home-manager",
        "type": "github"
      }
    },
    "homebrew-bundle": {
      "flake": false,
      "locked": {
        "lastModified": 1745335228,
        "narHash": "sha256-TIKR2UgtyUmHLNZp255/vLs+1I10hXe+sciMEbAGFwE=",
        "owner": "homebrew",
        "repo": "homebrew-bundle",
        "rev": "a3265c84b232e13048ecbf6fc18a2eedfadbeb08",
        "type": "github"
      },
      "original": {
        "owner": "homebrew",
        "repo": "homebrew-bundle",
        "type": "github"
      }
    },
    "homebrew-cask": {
      "flake": false,
      "locked": {
        "lastModified": 1759893363,
        "narHash": "sha256-1UoeSDtph4pti3McWfuIJAn8yP17FBe7mIzy01L50WA=",
        "owner": "homebrew",
        "repo": "homebrew-cask",
        "rev": "7d9d1d3adf4add88762d02c38e11dec763b7c3d9",
        "type": "github"
      },
      "original": {
        "owner": "homebrew",
        "repo": "homebrew-cask",
        "type": "github"
      }
    },
    "homebrew-core": {
      "flake": false,
      "locked": {
        "lastModified": 1759895278,
        "narHash": "sha256-11Gk570sNqn7zd7pixb3+8cldtvFF+r+fZZGM7K9jyY=",
        "owner": "homebrew",
        "repo": "homebrew-core",
        "rev": "85387591e362d712ee7c073448bc00f4dfd128bb",
        "type": "github"
      },
      "original": {
        "owner": "homebrew",
        "repo": "homebrew-core",
        "type": "github"
      }
    },
    "homebrew-services": {
      "flake": false,
      "locked": {
        "lastModified": 1742475690,
        "narHash": "sha256-qg3/+iHtnFe6VxGapisTatGnoH0XG4BnWWqwwzWYzk0=",
        "owner": "homebrew",
        "repo": "homebrew-services",
        "rev": "2c294ab9515576d961cea28c93148c6452db2def",
        "type": "github"
      },
      "original": {
        "owner": "homebrew",
        "repo": "homebrew-services",
        "type": "github"
      }
    },
    "laishulu": {
      "flake": false,
      "locked": {
        "lastModified": 1746716780,
        "narHash": "sha256-NyXCe1ASsWD0UbeYQoY5/W9MIi8OgQG/EIGjQf8epJY=",
        "owner": "laishulu",
        "repo": "homebrew-homebrew",
        "rev": "68b84d40274b9f3a6cc800261f324efca684131e",
        "type": "github"
      },
      "original": {
        "owner": "laishulu",
        "repo": "homebrew-homebrew",
        "type": "github"
      }
    },
    "lunar": {
      "flake": false,
      "locked": {
        "lastModified": 1644561708,
        "narHash": "sha256-RrpiDnSIW2CHN4P1uP2aM/6orTFrFvYnL5SSgCKgUk8=",
        "owner": "xwjdsh",
        "repo": "homebrew-tap",
        "rev": "0b5cd678ffd2aeed4f5a8793247dfd93e02aeb88",
        "type": "github"
      },
      "original": {
        "owner": "xwjdsh",
        "repo": "homebrew-tap",
        "type": "github"
      }
    },
    "mihomo-party": {
      "flake": false,
      "locked": {
        "lastModified": 1732434150,
        "narHash": "sha256-8J3/pRkNHpXPBFYgc+8xfnjm3VKWgtL5v3nQu39mcbE=",
        "owner": "mihomo-party-org",
        "repo": "homebrew-mihomo-party",
        "rev": "32ce44a72b825078365309a376d20b6a0fb0d3be",
        "type": "github"
      },
      "original": {
        "owner": "mihomo-party-org",
        "repo": "homebrew-mihomo-party",
        "type": "github"
      }
    },
    "nix-homebrew": {
      "inputs": {
        "brew-src": "brew-src"
      },
      "locked": {
        "lastModified": 1758598228,
        "narHash": "sha256-qr60maXGbZ4FX5tejPRI3nr0bnRTnZ3AbbbfO6/6jq4=",
        "owner": "zhaofengli-wip",
        "repo": "nix-homebrew",
        "rev": "f36e5db56e117f7df701ab152d0d2036ea85218c",
        "type": "github"
      },
      "original": {
        "owner": "zhaofengli-wip",
        "repo": "nix-homebrew",
        "type": "github"
      }
    },
    "nixos-stable": {
      "locked": {
        "lastModified": 1759735786,
        "narHash": "sha256-a0+h02lyP2KwSNrZz4wLJTu9ikujNsTWIC874Bv7IJ0=",
        "owner": "NixOS",
        "repo": "nixpkgs",
        "rev": "20c4598c84a671783f741e02bf05cbfaf4907cff",
        "type": "github"
      },
      "original": {
        "owner": "NixOS",
        "ref": "nixos-25.05",
        "repo": "nixpkgs",
        "type": "github"
      }
    },
    "nixos-unstable": {
      "locked": {
        "lastModified": 1759733170,
        "narHash": "sha256-TXnlsVb5Z8HXZ6mZoeOAIwxmvGHp1g4Dw89eLvIwKVI=",
        "owner": "nixos",
        "repo": "nixpkgs",
        "rev": "8913c168d1c56dc49a7718685968f38752171c3b",
        "type": "github"
      },
      "original": {
        "owner": "nixos",
        "ref": "nixos-unstable",
        "repo": "nixpkgs",
        "type": "github"
      }
    },
    "nixpkgs": {
      "locked": {
        "lastModified": 1759381078,
        "narHash": "sha256-gTrEEp5gEspIcCOx9PD8kMaF1iEmfBcTbO0Jag2QhQs=",
        "owner": "NixOS",
        "repo": "nixpkgs",
        "rev": "7df7ff7d8e00218376575f0acdcc5d66741351ee",
        "type": "github"
      },
      "original": {
        "owner": "NixOS",
        "ref": "nixos-unstable",
        "repo": "nixpkgs",
        "type": "github"
      }
    },
    "nixpkgs-master": {
      "locked": {
        "lastModified": 1759894931,
        "narHash": "sha256-/PZBRgko8SBX2TirxjKrxAPPLmewsTIE1ZsBc7ii39U=",
        "owner": "nixos",
        "repo": "nixpkgs",
        "rev": "0a8a851efaaa7839d72b72fd2f97f1e2ef10c9aa",
        "type": "github"
      },
      "original": {
        "owner": "nixos",
        "ref": "master",
        "repo": "nixpkgs",
        "type": "github"
      }
    },
    "nixpkgs-stable-darwin": {
      "locked": {
        "lastModified": 1759829640,
        "narHash": "sha256-+JzTuQct41bA8+ggQU/gOGwa6T5fRt0bEN5OZYtumX8=",
        "owner": "nixos",
        "repo": "nixpkgs",
        "rev": "037b75c96038e4b2da1bf38291436896a7ac5317",
        "type": "github"
      },
      "original": {
        "owner": "nixos",
        "ref": "nixpkgs-25.05-darwin",
        "repo": "nixpkgs",
        "type": "github"
      }
    },
    "nixpkgs-unstable": {
      "locked": {
        "lastModified": 1759632233,
        "narHash": "sha256-krgZxGAIIIKFJS+UB0l8do3sYUDWJc75M72tepmVMzE=",
        "owner": "nixos",
        "repo": "nixpkgs",
        "rev": "d7f52a7a640bc54c7bb414cca603835bf8dd4b10",
        "type": "github"
      },
      "original": {
        "owner": "nixos",
        "ref": "nixpkgs-unstable",
        "repo": "nixpkgs",
        "type": "github"
      }
    },
    "nixpkgs_2": {
      "locked": {
        "lastModified": 1759632233,
        "narHash": "sha256-krgZxGAIIIKFJS+UB0l8do3sYUDWJc75M72tepmVMzE=",
        "owner": "NixOS",
        "repo": "nixpkgs",
        "rev": "d7f52a7a640bc54c7bb414cca603835bf8dd4b10",
        "type": "github"
      },
      "original": {
        "owner": "NixOS",
        "ref": "nixpkgs-unstable",
        "repo": "nixpkgs",
        "type": "github"
      }
    },
    "nixpkgs_3": {
      "locked": {
        "lastModified": 1741708242,
        "narHash": "sha256-cNRqdQD4sZpN7JLqxVOze4+WsWTmv2DGH0wNCOVwrWc=",
        "owner": "NixOS",
        "repo": "nixpkgs",
        "rev": "b62d2a95c72fb068aecd374a7262b37ed92df82b",
        "type": "github"
      },
      "original": {
        "owner": "NixOS",
        "ref": "nixpkgs-unstable",
        "repo": "nixpkgs",
        "type": "github"
      }
    },
    "p2p_file_system": {
      "inputs": {
        "flake-utils": "flake-utils_2",
        "nixpkgs": "nixpkgs_3"
      },
      "locked": {
        "lastModified": 1742064291,
        "narHash": "sha256-8+9tiFsqhJ4aoGzNoqO+Ico99AXvTdlQ3cgmvXZ0+o0=",
        "owner": "Kevin-2483",
        "repo": "p2p_file_system",
        "rev": "36f1d2933cece59a4b1f5143e7e5d670a734a3df",
        "type": "github"
      },
      "original": {
        "owner": "Kevin-2483",
        "repo": "p2p_file_system",
        "type": "github"
      }
    },
    "playcover": {
      "flake": false,
      "locked": {
        "lastModified": 1730844117,
        "narHash": "sha256-HO39guzQzlwXy7JHibvA4/Hs2P0ttEf4ud/E4A3dXwA=",
        "owner": "PlayCover",
        "repo": "homebrew-playcover",
        "rev": "1cdb7120fba6331e0011539c226b5d4388815da4",
        "type": "github"
      },
      "original": {
        "owner": "PlayCover",
        "repo": "homebrew-playcover",
        "type": "github"
      }
    },
    "pot": {
      "flake": false,
      "locked": {
        "lastModified": 1746841215,
        "narHash": "sha256-HUZyGxXLyriuVVkZEUeaK0djEm/nihqs97kSnJfWwgs=",
        "owner": "pot-app",
        "repo": "homebrew-tap",
        "rev": "c21565797818b0f0ff9784f8ca4502a4bfa7b3f4",
        "type": "github"
      },
      "original": {
        "owner": "pot-app",
        "repo": "homebrew-tap",
        "type": "github"
      }
    },
    "root": {
      "inputs": {
        "catppuccin": "catppuccin",
        "darwin": "darwin",
        "drive-sync": "drive-sync",
        "home-manager": "home-manager",
        "homebrew-bundle": "homebrew-bundle",
        "homebrew-cask": "homebrew-cask",
        "homebrew-core": "homebrew-core",
        "homebrew-services": "homebrew-services",
        "laishulu": "laishulu",
        "lunar": "lunar",
        "mihomo-party": "mihomo-party",
        "nix-homebrew": "nix-homebrew",
        "nixos-stable": "nixos-stable",
        "nixos-unstable": "nixos-unstable",
        "nixpkgs-master": "nixpkgs-master",
        "nixpkgs-stable-darwin": "nixpkgs-stable-darwin",
        "nixpkgs-unstable": "nixpkgs-unstable",
        "p2p_file_system": "p2p_file_system",
        "playcover": "playcover",
        "pot": "pot"
      }
    },
    "systems": {
      "locked": {
        "lastModified": 1681028828,
        "narHash": "sha256-Vy1rq5AaRuLzOxct8nz4T6wlgyUR7zLU309k9mBC768=",
        "owner": "nix-systems",
        "repo": "default",
        "rev": "da67096a3b9bf56a91d16901293e51ba5b49a27e",
        "type": "github"
      },
      "original": {
        "owner": "nix-systems",
        "repo": "default",
        "type": "github"
      }
    },
    "systems_2": {
      "locked": {
        "lastModified": 1681028828,
        "narHash": "sha256-Vy1rq5AaRuLzOxct8nz4T6wlgyUR7zLU309k9mBC768=",
        "owner": "nix-systems",
        "repo": "default",
        "rev": "da67096a3b9bf56a91d16901293e51ba5b49a27e",
        "type": "github"
      },
      "original": {
        "owner": "nix-systems",
        "repo": "default",
        "type": "github"
      }
    }
  },
  "root": "root",
  "version": 7
}
