{
  "nodes": {
    "brew-src": {
      "flake": false,
      "locked": {
        "lastModified": 1746795192,
        "narHash": "sha256-Cv+RXuzmn2iGBY2Ny/nXBTH+LFKDWIvMxf9a+btKI6M=",
        "owner": "Homebrew",
        "repo": "brew",
        "rev": "6f39076b3c2251994419215279d0525ef667fc31",
        "type": "github"
      },
      "original": {
        "owner": "Homebrew",
        "ref": "4.5.2",
        "repo": "brew",
        "type": "github"
      }
    },
    "catppuccin": {
      "inputs": {
        "nixpkgs": "nixpkgs"
      },
      "locked": {
        "lastModified": 1746896926,
        "narHash": "sha256-rrpqPPUI+8xJ2ye2UsR5wFjhZo9lp+BZ/RAtPwsSrj0=",
        "owner": "catppuccin",
        "repo": "nix",
        "rev": "bbc926d6f93a7cdad1cd38dc1410cea23589a40e",
        "type": "github"
      },
      "original": {
        "owner": "catppuccin",
        "repo": "nix",
        "type": "github"
      }
    },
    "darwin": {
      "inputs": {
        "nixpkgs": [
          "nixpkgs-unstable"
        ]
      },
      "locked": {
        "lastModified": 1746708654,
        "narHash": "sha256-GeC99gu5H6+AjBXsn5dOhP4/ApuioGCBkufdmEIWPRs=",
        "owner": "lnl7",
        "repo": "nix-darwin",
        "rev": "6cb36e8327421c61e5a3bbd08ed63491b616364a",
        "type": "github"
      },
      "original": {
        "owner": "lnl7",
        "repo": "nix-darwin",
        "type": "github"
      }
    },
    "flake-utils": {
      "inputs": {
        "systems": "systems"
      },
      "locked": {
        "lastModified": 1731533236,
        "narHash": "sha256-l0KFg5HjrsfsO/JpG+r7fRrqm12kzFHyUHqHCVpMMbI=",
        "owner": "numtide",
        "repo": "flake-utils",
        "rev": "11707dc2f618dd54ca8739b309ec4fc024de578b",
        "type": "github"
      },
      "original": {
        "owner": "numtide",
        "repo": "flake-utils",
        "type": "github"
      }
    },
    "home-manager": {
      "inputs": {
        "nixpkgs": [
          "nixpkgs-unstable"
        ]
      },
      "locked": {
        "lastModified": 1746950680,
        "narHash": "sha256-tSEJ/8Tjtoy4yKbfMhIgKcSR/UJ4GjYlM4BT84+YKW8=",
        "owner": "nix-community",
        "repo": "home-manager",
        "rev": "6991569cb7cdde9891f52b43abe9916779df45b0",
        "type": "github"
      },
      "original": {
        "owner": "nix-community",
        "ref": "master",
        "repo": "home-manager",
        "type": "github"
      }
    },
    "homebrew-bundle": {
      "flake": false,
      "locked": {
        "lastModified": 1745335228,
        "narHash": "sha256-TIKR2UgtyUmHLNZp255/vLs+1I10hXe+sciMEbAGFwE=",
        "owner": "homebrew",
        "repo": "homebrew-bundle",
        "rev": "a3265c84b232e13048ecbf6fc18a2eedfadbeb08",
        "type": "github"
      },
      "original": {
        "owner": "homebrew",
        "repo": "homebrew-bundle",
        "type": "github"
      }
    },
    "homebrew-cask": {
      "flake": false,
      "locked": {
        "lastModified": 1746956697,
        "narHash": "sha256-FwD7DYNZbZiwRkHqr2qdo3ZyXRLp6sqM8/jRM73I1dQ=",
        "owner": "homebrew",
        "repo": "homebrew-cask",
        "rev": "8a1748229ea5357de46476c5cfcae37cbb036f60",
        "type": "github"
      },
      "original": {
        "owner": "homebrew",
        "repo": "homebrew-cask",
        "type": "github"
      }
    },
    "homebrew-core": {
      "flake": false,
      "locked": {
        "lastModified": 1746954250,
        "narHash": "sha256-TIFLiB7pAwTGksDYzv7M6f7p2eFlU4BgA03BdHm2I8w=",
        "owner": "homebrew",
        "repo": "homebrew-core",
        "rev": "34f99d13ee1f4e108af9bfa7143ea8f759df5759",
        "type": "github"
      },
      "original": {
        "owner": "homebrew",
        "repo": "homebrew-core",
        "type": "github"
      }
    },
    "homebrew-services": {
      "flake": false,
      "locked": {
        "lastModified": 1742475690,
        "narHash": "sha256-qg3/+iHtnFe6VxGapisTatGnoH0XG4BnWWqwwzWYzk0=",
        "owner": "homebrew",
        "repo": "homebrew-services",
        "rev": "2c294ab9515576d961cea28c93148c6452db2def",
        "type": "github"
      },
      "original": {
        "owner": "homebrew",
        "repo": "homebrew-services",
        "type": "github"
      }
    },
    "laishulu": {
      "flake": false,
      "locked": {
        "lastModified": 1746716780,
        "narHash": "sha256-NyXCe1ASsWD0UbeYQoY5/W9MIi8OgQG/EIGjQf8epJY=",
        "owner": "laishulu",
        "repo": "homebrew-homebrew",
        "rev": "68b84d40274b9f3a6cc800261f324efca684131e",
        "type": "github"
      },
      "original": {
        "owner": "laishulu",
        "repo": "homebrew-homebrew",
        "type": "github"
      }
    },
    "mihomo-party": {
      "flake": false,
      "locked": {
        "lastModified": 1732434150,
        "narHash": "sha256-8J3/pRkNHpXPBFYgc+8xfnjm3VKWgtL5v3nQu39mcbE=",
        "owner": "mihomo-party-org",
        "repo": "homebrew-mihomo-party",
        "rev": "32ce44a72b825078365309a376d20b6a0fb0d3be",
        "type": "github"
      },
      "original": {
        "owner": "mihomo-party-org",
        "repo": "homebrew-mihomo-party",
        "type": "github"
      }
    },
    "nix-darwin": {
      "inputs": {
        "nixpkgs": "nixpkgs_2"
      },
      "locked": {
        "lastModified": 1716329735,
        "narHash": "sha256-ap51w+VqG21vuzyQ04WrhI2YbWHd3UGz0e7dc/QQmoA=",
        "owner": "LnL7",
        "repo": "nix-darwin",
        "rev": "eac4f25028c1975a939c8f8fba95c12f8a25e01c",
        "type": "github"
      },
      "original": {
        "owner": "LnL7",
        "repo": "nix-darwin",
        "type": "github"
      }
    },
    "nix-homebrew": {
      "inputs": {
        "brew-src": "brew-src",
        "nix-darwin": "nix-darwin",
        "nixpkgs": "nixpkgs_3"
      },
      "locked": {
        "lastModified": 1746844491,
        "narHash": "sha256-69KEURmqcFU0db6LkSiaxxdRhgkTXLVGskuR5RLOvk4=",
        "owner": "zhaofengli-wip",
        "repo": "nix-homebrew",
        "rev": "fae199aa8b9a259aa8500aefea9e62b23d5ff007",
        "type": "github"
      },
      "original": {
        "owner": "zhaofengli-wip",
        "repo": "nix-homebrew",
        "type": "github"
      }
    },
    "nixos-stable": {
      "locked": {
        "lastModified": 1746810718,
        "narHash": "sha256-VljtYzyttmvkWUKTVJVW93qAsJsrBbgAzy7DdnJaQfI=",
        "owner": "NixOS",
        "repo": "nixpkgs",
        "rev": "0c0bf9c057382d5f6f63d54fd61f1abd5e1c2f63",
        "type": "github"
      },
      "original": {
        "owner": "NixOS",
        "ref": "nixos-24.11",
        "repo": "nixpkgs",
        "type": "github"
      }
    },
    "nixos-unstable": {
      "locked": {
        "lastModified": 1746663147,
        "narHash": "sha256-Ua0drDHawlzNqJnclTJGf87dBmaO/tn7iZ+TCkTRpRc=",
        "owner": "nixos",
        "repo": "nixpkgs",
        "rev": "dda3dcd3fe03e991015e9a74b22d35950f264a54",
        "type": "github"
      },
      "original": {
        "owner": "nixos",
        "ref": "nixos-unstable",
        "repo": "nixpkgs",
        "type": "github"
      }
    },
    "nixpkgs": {
      "locked": {
        "lastModified": 1744463964,
        "narHash": "sha256-LWqduOgLHCFxiTNYi3Uj5Lgz0SR+Xhw3kr/3Xd0GPTM=",
        "owner": "NixOS",
        "repo": "nixpkgs",
        "rev": "2631b0b7abcea6e640ce31cd78ea58910d31e650",
        "type": "github"
      },
      "original": {
        "owner": "NixOS",
        "ref": "nixos-unstable",
        "repo": "nixpkgs",
        "type": "github"
      }
    },
    "nixpkgs-master": {
      "locked": {
        "lastModified": 1746957637,
        "narHash": "sha256-uZnvX3lPYVKPYg02ABr3ZI9L3ge9HVWaF/FoYliP7t0=",
        "owner": "nixos",
        "repo": "nixpkgs",
        "rev": "ddd47d3b34d3eaad7a19550f87d538790c308eaf",
        "type": "github"
      },
      "original": {
        "owner": "nixos",
        "ref": "master",
        "repo": "nixpkgs",
        "type": "github"
      }
    },
    "nixpkgs-stable-darwin": {
      "locked": {
        "lastModified": 1746690571,
        "narHash": "sha256-uu/aarBPzJVJoWfdWe6YkIeRAP25uappdzN+tWTQiME=",
        "owner": "nixos",
        "repo": "nixpkgs",
        "rev": "97f265593a4888d1f4df1d924cf82dceb9fe561a",
        "type": "github"
      },
      "original": {
        "owner": "nixos",
        "ref": "nixpkgs-24.11-darwin",
        "repo": "nixpkgs",
        "type": "github"
      }
    },
    "nixpkgs-unstable": {
      "locked": {
        "lastModified": 1746576598,
        "narHash": "sha256-FshoQvr6Aor5SnORVvh/ZdJ1Sa2U4ZrIMwKBX5k2wu0=",
        "owner": "nixos",
        "repo": "nixpkgs",
        "rev": "b3582c75c7f21ce0b429898980eddbbf05c68e55",
        "type": "github"
      },
      "original": {
        "owner": "nixos",
        "ref": "nixpkgs-unstable",
        "repo": "nixpkgs",
        "type": "github"
      }
    },
    "nixpkgs_2": {
      "locked": {
        "lastModified": 1687274257,
        "narHash": "sha256-TutzPriQcZ8FghDhEolnHcYU2oHIG5XWF+/SUBNnAOE=",
        "path": "/nix/store/22qgs3skscd9bmrxv9xv4q5d4wwm5ppx-source",
        "rev": "2c9ecd1f0400076a4d6b2193ad468ff0a7e7fdc5",
        "type": "path"
      },
      "original": {
        "id": "nixpkgs",
        "type": "indirect"
      }
    },
    "nixpkgs_3": {
      "locked": {
        "lastModified": 1746328495,
        "narHash": "sha256-uKCfuDs7ZM3QpCE/jnfubTg459CnKnJG/LwqEVEdEiw=",
        "owner": "NixOS",
        "repo": "nixpkgs",
        "rev": "979daf34c8cacebcd917d540070b52a3c2b9b16e",
        "type": "github"
      },
      "original": {
        "owner": "NixOS",
        "ref": "nixos-unstable",
        "repo": "nixpkgs",
        "type": "github"
      }
    },
    "nixpkgs_4": {
      "locked": {
        "lastModified": 1741708242,
        "narHash": "sha256-cNRqdQD4sZpN7JLqxVOze4+WsWTmv2DGH0wNCOVwrWc=",
        "owner": "NixOS",
        "repo": "nixpkgs",
        "rev": "b62d2a95c72fb068aecd374a7262b37ed92df82b",
        "type": "github"
      },
      "original": {
        "owner": "NixOS",
        "ref": "nixpkgs-unstable",
        "repo": "nixpkgs",
        "type": "github"
      }
    },
    "p2p_file_system": {
      "inputs": {
        "flake-utils": "flake-utils",
        "nixpkgs": "nixpkgs_4"
      },
      "locked": {
        "lastModified": 1742064291,
        "narHash": "sha256-8+9tiFsqhJ4aoGzNoqO+Ico99AXvTdlQ3cgmvXZ0+o0=",
        "owner": "Kevin-2483",
        "repo": "p2p_file_system",
        "rev": "36f1d2933cece59a4b1f5143e7e5d670a734a3df",
        "type": "github"
      },
      "original": {
        "owner": "Kevin-2483",
        "repo": "p2p_file_system",
        "type": "github"
      }
    },
    "playcover": {
      "flake": false,
      "locked": {
        "lastModified": 1730844117,
        "narHash": "sha256-HO39guzQzlwXy7JHibvA4/Hs2P0ttEf4ud/E4A3dXwA=",
        "owner": "PlayCover",
        "repo": "homebrew-playcover",
        "rev": "1cdb7120fba6331e0011539c226b5d4388815da4",
        "type": "github"
      },
      "original": {
        "owner": "PlayCover",
        "repo": "homebrew-playcover",
        "type": "github"
      }
    },
    "pot": {
      "flake": false,
      "locked": {
        "lastModified": 1746841215,
        "narHash": "sha256-HUZyGxXLyriuVVkZEUeaK0djEm/nihqs97kSnJfWwgs=",
        "owner": "pot-app",
        "repo": "homebrew-tap",
        "rev": "c21565797818b0f0ff9784f8ca4502a4bfa7b3f4",
        "type": "github"
      },
      "original": {
        "owner": "pot-app",
        "repo": "homebrew-tap",
        "type": "github"
      }
    },
    "root": {
      "inputs": {
        "catppuccin": "catppuccin",
        "darwin": "darwin",
        "home-manager": "home-manager",
        "homebrew-bundle": "homebrew-bundle",
        "homebrew-cask": "homebrew-cask",
        "homebrew-core": "homebrew-core",
        "homebrew-services": "homebrew-services",
        "laishulu": "laishulu",
        "mihomo-party": "mihomo-party",
        "nix-homebrew": "nix-homebrew",
        "nixos-stable": "nixos-stable",
        "nixos-unstable": "nixos-unstable",
        "nixpkgs-master": "nixpkgs-master",
        "nixpkgs-stable-darwin": "nixpkgs-stable-darwin",
        "nixpkgs-unstable": "nixpkgs-unstable",
        "p2p_file_system": "p2p_file_system",
        "playcover": "playcover",
        "pot": "pot"
      }
    },
    "systems": {
      "locked": {
        "lastModified": 1681028828,
        "narHash": "sha256-Vy1rq5AaRuLzOxct8nz4T6wlgyUR7zLU309k9mBC768=",
        "owner": "nix-systems",
        "repo": "default",
        "rev": "da67096a3b9bf56a91d16901293e51ba5b49a27e",
        "type": "github"
      },
      "original": {
        "owner": "nix-systems",
        "repo": "default",
        "type": "github"
      }
    }
  },
  "root": "root",
  "version": 7
}
